
Microsoft Visual Studio Solution File, Format Version 12.00
# Visual Studio Version 16
VisualStudioVersion = 16.0.31624.102
MinimumVisualStudioVersion = 10.0.40219.1
Project("{FAE04EC0-301F-11D3-BF4B-00C04F79EFBC}") = "ChattyNotifier", "ChattyNotifier.csproj", "{692E02DC-E1C8-4186-940D-D638220932EC}"
EndProject
Global
	GlobalSection(SolutionConfigurationPlatforms) = preSolution
		Debug|Any CPU = Debug|Any CPU
		Release|Any CPU = Release|Any CPU
	EndGlobalSection
	GlobalSection(ProjectConfigurationPlatforms) = postSolution
		{692E02DC-E1C8-4186-940D-D638220932EC}.Debug|Any CPU.ActiveCfg = Debug|Any CPU
		{692E02DC-E1C8-4186-940D-D638220932EC}.Debug|Any CPU.Build.0 = Debug|Any CPU
		{692E02DC-E1C8-4186-940D-D638220932EC}.Release|Any CPU.ActiveCfg = Release|Any CPU
		{692E02DC-E1C8-4186-940D-D638220932EC}.Release|Any CPU.Build.0 = Release|Any CPU
	EndGlobalSection
	GlobalSection(SolutionProperties) = preSolution
		HideSolutionNode = FALSE
	EndGlobalSection
	GlobalSection(ExtensibilityGlobals) = postSolution
		SolutionGuid = {C0D3A37F-0051-4D37-8F35-B9B6F6DCBD00}
	EndGlobalSection
EndGlobal
